
Microsoft Visual Studio Solution File, Format Version 12.00
# Visual Studio 14
VisualStudioVersion = 14.0.25420.1
MinimumVisualStudioVersion = 10.0.40219.1
Project("{FAE04EC0-301F-11D3-BF4B-00C04F79EFBC}") = "BasicWPFApplication", "BasicWPFApplication\BasicWPFApplication.csproj", "{53420A8A-97AD-4E00-8481-C6643958689A}"
EndProject
Project("{FAE04EC0-301F-11D3-BF4B-00C04F79EFBC}") = "LoginForm", "LoginForm\LoginForm.csproj", "{193C29CE-D3E0-465C-98AE-992857DB262C}"
EndProject
Global
	GlobalSection(SolutionConfigurationPlatforms) = preSolution
		Debug|Any CPU = Debug|Any CPU
		Release|Any CPU = Release|Any CPU
	EndGlobalSection
	GlobalSection(ProjectConfigurationPlatforms) = postSolution
		{53420A8A-97AD-4E00-8481-C6643958689A}.Debug|Any CPU.ActiveCfg = Debug|Any CPU
		{53420A8A-97AD-4E00-8481-C6643958689A}.Debug|Any CPU.Build.0 = Debug|Any CPU
		{53420A8A-97AD-4E00-8481-C6643958689A}.Release|Any CPU.ActiveCfg = Release|Any CPU
		{53420A8A-97AD-4E00-8481-C6643958689A}.Release|Any CPU.Build.0 = Release|Any CPU
		{193C29CE-D3E0-465C-98AE-992857DB262C}.Debug|Any CPU.ActiveCfg = Debug|Any CPU
		{193C29CE-D3E0-465C-98AE-992857DB262C}.Debug|Any CPU.Build.0 = Debug|Any CPU
		{193C29CE-D3E0-465C-98AE-992857DB262C}.Release|Any CPU.ActiveCfg = Release|Any CPU
		{193C29CE-D3E0-465C-98AE-992857DB262C}.Release|Any CPU.Build.0 = Release|Any CPU
	EndGlobalSection
	GlobalSection(SolutionProperties) = preSolution
		HideSolutionNode = FALSE
	EndGlobalSection
EndGlobal
